Microsoft Visual Studio Solution File, Format Version 12.00
# Visual Studio Version 17
VisualStudioVersion = 17.5.2.0
MinimumVisualStudioVersion = 10.0.40219.1
Project("{FAE04EC0-301F-11D3-BF4B-00C04F79EFBC}") = "DESFAFIOPROJETOHOSPEDAGEM", "DESFAFIOPROJETOHOSPEDAGEM\DESFAFIOPROJETOHOSPEDAGEM.csproj", "{A26C09B0-6DC9-288E-5EA4-C992DC7A93E1}"
EndProject
Global
	GlobalSection(SolutionConfigurationPlatforms) = preSolution
		Debug|Any CPU = Debug|Any CPU
		Release|Any CPU = Release|Any CPU
	EndGlobalSection
	GlobalSection(ProjectConfigurationPlatforms) = postSolution
		{A26C09B0-6DC9-288E-5EA4-C992DC7A93E1}.Debug|Any CPU.ActiveCfg = Debug|Any CPU
		{A26C09B0-6DC9-288E-5EA4-C992DC7A93E1}.Debug|Any CPU.Build.0 = Debug|Any CPU
		{A26C09B0-6DC9-288E-5EA4-C992DC7A93E1}.Release|Any CPU.ActiveCfg = Release|Any CPU
		{A26C09B0-6DC9-288E-5EA4-C992DC7A93E1}.Release|Any CPU.Build.0 = Release|Any CPU
	EndGlobalSection
	GlobalSection(SolutionProperties) = preSolution
		HideSolutionNode = FALSE
	EndGlobalSection
	GlobalSection(ExtensibilityGlobals) = postSolution
		SolutionGuid = {ED08DA78-A998-47B9-8D3C-71AA757822DC}
	EndGlobalSection
EndGlobal
